
Microsoft Visual Studio Solution File, Format Version 12.00
# Visual Studio Version 16
VisualStudioVersion = 16.0.29609.76
MinimumVisualStudioVersion = 10.0.40219.1
Project("{FAE04EC0-301F-11D3-BF4B-00C04F79EFBC}") = "CMS", "CMS\CMS.csproj", "{1E17C7A4-A7EE-4C0D-AE9B-D7B67200E756}"
EndProject
Global
	GlobalSection(SolutionConfigurationPlatforms) = preSolution
		Debug|Any CPU = Debug|Any CPU
		Release|Any CPU = Release|Any CPU
	EndGlobalSection
	GlobalSection(ProjectConfigurationPlatforms) = postSolution
		{1E17C7A4-A7EE-4C0D-AE9B-D7B67200E756}.Debug|Any CPU.ActiveCfg = Debug|Any CPU
		{1E17C7A4-A7EE-4C0D-AE9B-D7B67200E756}.Debug|Any CPU.Build.0 = Debug|Any CPU
		{1E17C7A4-A7EE-4C0D-AE9B-D7B67200E756}.Release|Any CPU.ActiveCfg = Release|Any CPU
		{1E17C7A4-A7EE-4C0D-AE9B-D7B67200E756}.Release|Any CPU.Build.0 = Release|Any CPU
	EndGlobalSection
	GlobalSection(SolutionProperties) = preSolution
		HideSolutionNode = FALSE
	EndGlobalSection
	GlobalSection(ExtensibilityGlobals) = postSolution
		SolutionGuid = {A6A0B56A-B73F-460F-9B19-909AB3FC7E7E}
	EndGlobalSection
EndGlobal
